// !$*UTF8*$!
{
	archiveVersion = 1;
	classes = {
	};
	objectVersion = 46;
	objects = {

/* Begin PBXBuildFile section */
		6D51154B1BCFFF8A004BE86D /* AppDelegate.swift in Sources */ = {isa = PBXBuildFile; fileRef = 6D51154A1BCFFF8A004BE86D /* AppDelegate.swift */; };
		6D51154D1BCFFF8A004BE86D /* ViewController.swift in Sources */ = {isa = PBXBuildFile; fileRef = 6D51154C1BCFFF8A004BE86D /* ViewController.swift */; };
		6D5115501BCFFF8A004BE86D /* Main.storyboard in Resources */ = {isa = PBXBuildFile; fileRef = 6D51154E1BCFFF8A004BE86D /* Main.storyboard */; };
		6D5115521BCFFF8A004BE86D /* Assets.xcassets in Resources */ = {isa = PBXBuildFile; fileRef = 6D5115511BCFFF8A004BE86D /* Assets.xcassets */; };
		6D5115551BCFFF8A004BE86D /* LaunchScreen.storyboard in Resources */ = {isa = PBXBuildFile; fileRef = 6D5115531BCFFF8A004BE86D /* LaunchScreen.storyboard */; };
/* End PBXBuildFile section */

/* Begin PBXFileReference section */
		6D5115471BCFFF8A004BE86D /* TodayExtension.app */ = {isa = PBXFileReference; explicitFileType = wrapper.application; includeInIndex = 0; path = TodayExtension.app; sourceTree = BUILT_PRODUCTS_DIR; };
		6D51154A1BCFFF8A004BE86D /* AppDelegate.swift */ = {isa = PBXFileReference; lastKnownFileType = sourcecode.swift; path = AppDelegate.swift; sourceTree = "<group>"; };
		6D51154C1BCFFF8A004BE86D /* ViewController.swift */ = {isa = PBXFileReference; lastKnownFileType = sourcecode.swift; path = ViewController.swift; sourceTree = "<group>"; };
		6D51154F1BCFFF8A004BE86D /* Base */ = {isa = PBXFileReference; lastKnownFileType = file.storyboard; name = Base; path = Base.lproj/Main.storyboard; sourceTree = "<group>"; };
		6D5115511BCFFF8A004BE86D /* Assets.xcassets */ = {isa = PBXFileReference; lastKnownFileType = folder.assetcatalog; path = Assets.xcassets; sourceTree = "<group>"; };
		6D5115541BCFFF8A004BE86D /* Base */ = {isa = PBXFileReference; lastKnownFileType = file.storyboard; name = Base; path = Base.lproj/LaunchScreen.storyboard; sourceTree = "<group>"; };
		6D5115561BCFFF8A004BE86D /* Info.plist */ = {isa = PBXFileReference; lastKnownFileType = text.plist.xml; path = Info.plist; sourceTree = "<group>"; };
/* End PBXFileReference section */

/* Begin PBXFrameworksBuildPhase section */
		6D5115441BCFFF8A004BE86D /* Frameworks */ = {
			isa = PBXFrameworksBuildPhase;
			buildActionMask = 2147483647;
			files = (
			);
			runOnlyForDeploymentPostprocessing = 0;
		};
/* End PBXFrameworksBuildPhase section */

/* Begin PBXGroup section */
		6D51153E1BCFFF8A004BE86D = {
			isa = PBXGroup;
			children = (
				6D5115491BCFFF8A004BE86D /* TodayExtension */,
				6D5115481BCFFF8A004BE86D /* Products */,
			);
			sourceTree = "<group>";
		};
		6D5115481BCFFF8A004BE86D /* Products */ = {
			isa = PBXGroup;
			children = (
				6D5115471BCFFF8A004BE86D /* TodayExtension.app */,
			);
			name = Products;
			sourceTree = "<group>";
		};
		6D5115491BCFFF8A004BE86D /* TodayExtension */ = {
			isa = PBXGroup;
			children = (
				6D51154A1BCFFF8A004BE86D /* AppDelegate.swift */,
				6D51154C1BCFFF8A004BE86D /* ViewController.swift */,
				6D51154E1BCFFF8A004BE86D /* Main.storyboard */,
				6D5115511BCFFF8A004BE86D /* Assets.xcassets */,
				6D5115531BCFFF8A004BE86D /* LaunchScreen.storyboard */,
				6D5115561BCFFF8A004BE86D /* Info.plist */,
			);
			path = TodayExtension;
			sourceTree = "<group>";
		};
/* End PBXGroup section */

/* Begin PBXNativeTarget section */
		6D5115461BCFFF8A004BE86D /* TodayExtension */ = {
			isa = PBXNativeTarget;
			buildConfigurationList = 6D5115591BCFFF8A004BE86D /* Build configuration list for PBXNativeTarget "TodayExtension" */;
			buildPhases = (
				6D5115431BCFFF8A004BE86D /* Sources */,
				6D5115441BCFFF8A004BE86D /* Frameworks */,
				6D5115451BCFFF8A004BE86D /* Resources */,
			);
			buildRules = (
			);
			dependencies = (
			);
			name = TodayExtension;
			productName = TodayExtension;
			productReference = 6D5115471BCFFF8A004BE86D /* TodayExtension.app */;
			productType = "com.apple.product-type.application";
		};
/* End PBXNativeTarget section */

/* Begin PBXProject section */
		6D51153F1BCFFF8A004BE86D /* Project object */ = {
			isa = PBXProject;
			attributes = {
				LastUpgradeCheck = 0700;
				ORGANIZATIONNAME = "Maxim Bilan";
				TargetAttributes = {
					6D5115461BCFFF8A004BE86D = {
						CreatedOnToolsVersion = 7.0.1;
					};
				};
			};
			buildConfigurationList = 6D5115421BCFFF8A004BE86D /* Build configuration list for PBXProject "TodayExtension" */;
			compatibilityVersion = "Xcode 3.2";
			developmentRegion = English;
			hasScannedForEncodings = 0;
			knownRegions = (
				en,
				Base,
			);
			mainGroup = 6D51153E1BCFFF8A004BE86D;
			productRefGroup = 6D5115481BCFFF8A004BE86D /* Products */;
			projectDirPath = "";
			projectRoot = "";
			targets = (
				6D5115461BCFFF8A004BE86D /* TodayExtension */,
			);
		};
/* End PBXProject section */

/* Begin PBXResourcesBuildPhase section */
		6D5115451BCFFF8A004BE86D /* Resources */ = {
			isa = PBXResourcesBuildPhase;
			buildActionMask = 2147483647;
			files = (
				6D5115551BCFFF8A004BE86D /* LaunchScreen.storyboard in Resources */,
				6D5115521BCFFF8A004BE86D /* Assets.xcassets in Resources */,
				6D5115501BCFFF8A004BE86D /* Main.storyboard in Resources */,
			);
			runOnlyForDeploymentPostprocessing = 0;
		};
/* End PBXResourcesBuildPhase section */

/* Begin PBXSourcesBuildPhase section */
		6D5115431BCFFF8A004BE86D /* Sources */ = {
			isa = PBXSourcesBuildPhase;
			buildActionMask = 2147483647;
			files = (
				6D51154D1BCFFF8A004BE86D /* ViewController.swift in Sources */,
				6D51154B1BCFFF8A004BE86D /* AppDelegate.swift in Sources */,
			);
			runOnlyForDeploymentPostprocessing = 0;
		};
/* End PBXSourcesBuildPhase section */

/* Begin PBXVariantGroup section */
		6D51154E1BCFFF8A004BE86D /* Main.storyboard */ = {
			isa = PBXVariantGroup;
			children = (
				6D51154F1BCFFF8A004BE86D /* Base */,
			);
			name = Main.storyboard;
			sourceTree = "<group>";
		};
		6D5115531BCFFF8A004BE86D /* LaunchScreen.storyboard */ = {
			isa = PBXVariantGroup;
			children = (
				6D5115541BCFFF8A004BE86D /* Base */,
			);
			name = LaunchScreen.storyboard;
			sourceTree = "<group>";
		};
/* End PBXVariantGroup section */

/* Begin XCBuildConfiguration section */
		6D5115571BCFFF8A004BE86D /* Debug */ = {
			isa = XCBuildConfiguration;
			buildSettings = {
				ALWAYS_SEARCH_USER_PATHS = NO;
				CLANG_CXX_LANGUAGE_STANDARD = "gnu++0x";
				CLANG_CXX_LIBRARY = "libc++";
				CLANG_ENABLE_MODULES = YES;
				CLANG_ENABLE_OBJC_ARC = YES;
				CLANG_WARN_BOOL_CONVERSION = YES;
				CLANG_WARN_CONSTANT_CONVERSION = YES;
				CLANG_WARN_DIRECT_OBJC_ISA_USAGE = YES_ERROR;
				CLANG_WARN_EMPTY_BODY = YES;
				CLANG_WARN_ENUM_CONVERSION = YES;
				CLANG_WARN_INT_CONVERSION = YES;
				CLANG_WARN_OBJC_ROOT_CLASS = YES_ERROR;
				CLANG_WARN_UNREACHABLE_CODE = YES;
				CLANG_WARN__DUPLICATE_METHOD_MATCH = YES;
				"CODE_SIGN_IDENTITY[sdk=iphoneos*]" = "iPhone Developer";
				COPY_PHASE_STRIP = NO;
				DEBUG_INFORMATION_FORMAT = dwarf;
				ENABLE_STRICT_OBJC_MSGSEND = YES;
				ENABLE_TESTABILITY = YES;
				GCC_C_LANGUAGE_STANDARD = gnu99;
				GCC_DYNAMIC_NO_PIC = NO;
				GCC_NO_COMMON_BLOCKS = YES;
				GCC_OPTIMIZATION_LEVEL = 0;
				GCC_PREPROCESSOR_DEFINITIONS = (
					"DEBUG=1",
					"$(inherited)",
				);
				GCC_WARN_64_TO_32_BIT_CONVERSION = YES;
				GCC_WARN_ABOUT_RETURN_TYPE = YES_ERROR;
				GCC_WARN_UNDECLARED_SELECTOR = YES;
				GCC_WARN_UNINITIALIZED_AUTOS = YES_AGGRESSIVE;
				GCC_WARN_UNUSED_FUNCTION = YES;
				GCC_WARN_UNUSED_VARIABLE = YES;
				IPHONEOS_DEPLOYMENT_TARGET = 9.0;
				MTL_ENABLE_DEBUG_INFO = YES;
				ONLY_ACTIVE_ARCH = YES;
				SDKROOT = iphoneos;
				SWIFT_OPTIMIZATION_LEVEL = "-Onone";
				TARGETED_DEVICE_FAMILY = "1,2";
			};
			name = Debug;
		};
		6D5115581BCFFF8A004BE86D /* Release */ = {
			isa = XCBuildConfiguration;
			buildSettings = {
				ALWAYS_SEARCH_USER_PATHS = NO;
				CLANG_CXX_LANGUAGE_STANDARD = "gnu++0x";
				CLANG_CXX_LIBRARY = "libc++";
				CLANG_ENABLE_MODULES = YES;
				CLANG_ENABLE_OBJC_ARC = YES;
				CLANG_WARN_BOOL_CONVERSION = YES;
				CLANG_WARN_CONSTANT_CONVERSION = YES;
				CLANG_WARN_DIRECT_OBJC_ISA_USAGE = YES_ERROR;
				CLANG_WARN_EMPTY_BODY = YES;
				CLANG_WARN_ENUM_CONVERSION = YES;
				CLANG_WARN_INT_CONVERSION = YES;
				CLANG_WARN_OBJC_ROOT_CLASS = YES_ERROR;
				CLANG_WARN_UNREACHABLE_CODE = YES;
				CLANG_WARN__DUPLICATE_METHOD_MATCH = YES;
				"CODE_SIGN_IDENTITY[sdk=iphoneos*]" = "iPhone Developer";
				COPY_PHASE_STRIP = NO;
				DEBUG_INFORMATION_FORMAT = "dwarf-with-dsym";
				ENABLE_NS_ASSERTIONS = NO;
				ENABLE_STRICT_OBJC_MSGSEND = YES;
				GCC_C_LANGUAGE_STANDARD = gnu99;
				GCC_NO_COMMON_BLOCKS = YES;
				GCC_WARN_64_TO_32_BIT_CONVERSION = YES;
				GCC_WARN_ABOUT_RETURN_TYPE = YES_ERROR;
				GCC_WARN_UNDECLARED_SELECTOR = YES;
				GCC_WARN_UNINITIALIZED_AUTOS = YES_AGGRESSIVE;
				GCC_WARN_UNUSED_FUNCTION = YES;
				GCC_WARN_UNUSED_VARIABLE = YES;
				IPHONEOS_DEPLOYMENT_TARGET = 9.0;
				MTL_ENABLE_DEBUG_INFO = NO;
				SDKROOT = iphoneos;
				TARGETED_DEVICE_FAMILY = "1,2";
				VALIDATE_PRODUCT = YES;
			};
			name = Release;
		};
		6D51155A1BCFFF8A004BE86D /* Debug */ = {
			isa = XCBuildConfiguration;
			buildSettings = {
				ASSETCATALOG_COMPILER_APPICON_NAME = AppIcon;
				INFOPLIST_FILE = TodayExtension/Info.plist;
				LD_RUNPATH_SEARCH_PATHS = "$(inherited) @executable_path/Frameworks";
				PRODUCT_BUNDLE_IDENTIFIER = maximbilan.TodayExtension;
				PRODUCT_NAME = "$(TARGET_NAME)";
			};
			name = Debug;
		};
		6D51155B1BCFFF8A004BE86D /* Release */ = {
			isa = XCBuildConfiguration;
			buildSettings = {
				ASSETCATALOG_COMPILER_APPICON_NAME = AppIcon;
				INFOPLIST_FILE = TodayExtension/Info.plist;
				LD_RUNPATH_SEARCH_PATHS = "$(inherited) @executable_path/Frameworks";
				PRODUCT_BUNDLE_IDENTIFIER = maximbilan.TodayExtension;
				PRODUCT_NAME = "$(TARGET_NAME)";
			};
			name = Release;
		};
/* End XCBuildConfiguration section */

/* Begin XCConfigurationList section */
		6D5115421BCFFF8A004BE86D /* Build configuration list for PBXProject "TodayExtension" */ = {
			isa = XCConfigurationList;
			buildConfigurations = (
				6D5115571BCFFF8A004BE86D /* Debug */,
				6D5115581BCFFF8A004BE86D /* Release */,
			);
			defaultConfigurationIsVisible = 0;
			defaultConfigurationName = Release;
		};
		6D5115591BCFFF8A004BE86D /* Build configuration list for PBXNativeTarget "TodayExtension" */ = {
			isa = XCConfigurationList;
			buildConfigurations = (
				6D51155A1BCFFF8A004BE86D /* Debug */,
				6D51155B1BCFFF8A004BE86D /* Release */,
			);
			defaultConfigurationIsVisible = 0;
		};
/* End XCConfigurationList section */
	};
	rootObject = 6D51153F1BCFFF8A004BE86D /* Project object */;
}
